
Microsoft Visual Studio Solution File, Format Version 12.00
Project("{FAE04EC0-301F-11D3-BF4B-00C04F79EFBC}") = "RomanNumeralConverter.Test", "RomanNumeralConverter.Test\RomanNumeralConverter.Test.csproj", "{14A4F281-FB15-43D7-A4D2-B6EFE5857496}"
EndProject
Project("{FAE04EC0-301F-11D3-BF4B-00C04F79EFBC}") = "RomanNumeralConverter", "RomanNumeralConverter\RomanNumeralConverter.csproj", "{1231E816-47B1-4D4D-93E9-08646718AE67}"
EndProject
Global
	GlobalSection(SolutionConfigurationPlatforms) = preSolution
		Debug|Any CPU = Debug|Any CPU
		Release|Any CPU = Release|Any CPU
	EndGlobalSection
	GlobalSection(ProjectConfigurationPlatforms) = postSolution
		{14A4F281-FB15-43D7-A4D2-B6EFE5857496}.Debug|Any CPU.ActiveCfg = Debug|Any CPU
		{14A4F281-FB15-43D7-A4D2-B6EFE5857496}.Debug|Any CPU.Build.0 = Debug|Any CPU
		{14A4F281-FB15-43D7-A4D2-B6EFE5857496}.Release|Any CPU.ActiveCfg = Release|Any CPU
		{14A4F281-FB15-43D7-A4D2-B6EFE5857496}.Release|Any CPU.Build.0 = Release|Any CPU
		{1231E816-47B1-4D4D-93E9-08646718AE67}.Debug|Any CPU.ActiveCfg = Debug|Any CPU
		{1231E816-47B1-4D4D-93E9-08646718AE67}.Debug|Any CPU.Build.0 = Debug|Any CPU
		{1231E816-47B1-4D4D-93E9-08646718AE67}.Release|Any CPU.ActiveCfg = Release|Any CPU
		{1231E816-47B1-4D4D-93E9-08646718AE67}.Release|Any CPU.Build.0 = Release|Any CPU
	EndGlobalSection
EndGlobal
